<?xml version="1.0" encoding="utf-8"?>
<Project ToolsVersion="17.0" xmlns="http://schemas.microsoft.com/developer/msbuild/2003">
  <ItemGroup>
    <CustomBuild Include="C:\LOVE\WOW\tools\converter\build_check\CMakeFiles\61c1a1866001c2dcaacdf8f86b01f9a8\generate.stamp.rule">
      <Filter>CMake Rules</Filter>
    </CustomBuild>
  </ItemGroup>
  <ItemGroup>
    <Filter Include="CMake Rules">
      <UniqueIdentifier>{03F88E0F-98A2-316F-AF34-7C1A7090DF3E}</UniqueIdentifier>
    </Filter>
  </ItemGroup>
</Project>
